
Microsoft Visual Studio Solution File, Format Version 12.00
# Visual Studio Version 16
VisualStudioVersion = 16.0.29409.12
MinimumVisualStudioVersion = 10.0.40219.1
Project("{2150E333-8FDC-42A3-9474-1A3956D46DE8}") = "ChainOfResponsibility", "ChainOfResponsibility", "{862CEB96-098B-44F5-9492-43A4076A0541}"
EndProject
Project("{9A19103F-16F7-4668-BE54-9A1E7A4F7556}") = "TeamLead", "ChainOfResponsibility\TeamLead\TeamLead.csproj", "{2B61F78C-929E-49A7-9717-FAFCE6F618D9}"
EndProject
Project("{2150E333-8FDC-42A3-9474-1A3956D46DE8}") = "Command", "Command", "{C266FC08-72AA-4DF2-858F-7B214253B3C0}"
EndProject
Project("{2150E333-8FDC-42A3-9474-1A3956D46DE8}") = "Interpreter", "Interpreter", "{ACD65506-70C9-470B-8DA9-3C4051710F2B}"
EndProject
Project("{2150E333-8FDC-42A3-9474-1A3956D46DE8}") = "Iterator", "Iterator", "{1E0F231A-23F5-4E2B-9BC3-45BA646D347B}"
EndProject
Project("{2150E333-8FDC-42A3-9474-1A3956D46DE8}") = "Mediator", "Mediator", "{3286152C-7FDE-46D7-B82A-B88571848368}"
EndProject
Project("{2150E333-8FDC-42A3-9474-1A3956D46DE8}") = "Memento", "Memento", "{DC427665-227E-49CD-8C86-9C0BA5F2D59B}"
EndProject
Project("{2150E333-8FDC-42A3-9474-1A3956D46DE8}") = "Observer", "Observer", "{05CCE06F-5A91-4199-BF01-688D9D15FD35}"
EndProject
Project("{2150E333-8FDC-42A3-9474-1A3956D46DE8}") = "State", "State", "{C986BB1E-4C22-4A9F-8324-0612DA9BA643}"
EndProject
Project("{2150E333-8FDC-42A3-9474-1A3956D46DE8}") = "Strategy", "Strategy", "{9C4FBBEC-B253-4EC5-AE65-FA32E75147C8}"
EndProject
Project("{2150E333-8FDC-42A3-9474-1A3956D46DE8}") = "TemplateMethod", "TemplateMethod", "{D39CF8E5-C196-4A80-ADB0-354656BD0E5A}"
EndProject
Project("{2150E333-8FDC-42A3-9474-1A3956D46DE8}") = "Visitor", "Visitor", "{346A05F0-9685-45F1-8967-D5A5B302070B}"
EndProject
Project("{9A19103F-16F7-4668-BE54-9A1E7A4F7556}") = "Light", "Command\Light\Light.csproj", "{1F94FCEC-227F-499A-B8C9-A3378116D6F9}"
EndProject
Project("{9A19103F-16F7-4668-BE54-9A1E7A4F7556}") = "Context", "Interpreter\Context\Context.csproj", "{BF0C2847-10FE-4D19-96D7-F5B644D0C83B}"
EndProject
Project("{9A19103F-16F7-4668-BE54-9A1E7A4F7556}") = "ConcreteAggregate", "Iterator\ConcreteAggregate\ConcreteAggregate.csproj", "{BC21BB5B-B31C-44ED-BCF9-E29B44CB3CFA}"
EndProject
Project("{9A19103F-16F7-4668-BE54-9A1E7A4F7556}") = "ChatRoom", "Mediator\ChatRoom\ChatRoom.csproj", "{748304B4-C5F4-4863-8C46-2A87F240E781}"
EndProject
Project("{9A19103F-16F7-4668-BE54-9A1E7A4F7556}") = "SalesProspect", "Memento\SalesProspect\SalesProspect.csproj", "{47C13B0B-060F-4BCB-B67E-800AE2F6D64B}"
EndProject
Project("{9A19103F-16F7-4668-BE54-9A1E7A4F7556}") = "Stock", "Observer\Stock\Stock.csproj", "{A177FEC6-4926-4DF4-97BB-AA1A7A9A4C76}"
EndProject
Project("{9A19103F-16F7-4668-BE54-9A1E7A4F7556}") = "Account", "State\Account\Account.csproj", "{EBF27832-06FA-4874-99E1-0E0E1DFE61F2}"
EndProject
Project("{9A19103F-16F7-4668-BE54-9A1E7A4F7556}") = "SortStrategy", "Strategy\SortStrategy\SortStrategy.csproj", "{1CA6CC37-39E0-48C6-A3AE-EB494E4B0F3C}"
EndProject
Project("{9A19103F-16F7-4668-BE54-9A1E7A4F7556}") = "HotDrink", "TemplateMethod\HotDrink\HotDrink.csproj", "{1D89CB3C-2151-4AF6-B1B7-4A9EA7E26D45}"
EndProject
Project("{9A19103F-16F7-4668-BE54-9A1E7A4F7556}") = "Employee", "Visitor\Employee\Employee.csproj", "{A0CA3AFE-F673-49F0-A3B0-A6F29CE76EA9}"
EndProject
Global
	GlobalSection(SolutionConfigurationPlatforms) = preSolution
		Debug|Any CPU = Debug|Any CPU
		Release|Any CPU = Release|Any CPU
	EndGlobalSection
	GlobalSection(ProjectConfigurationPlatforms) = postSolution
		{2B61F78C-929E-49A7-9717-FAFCE6F618D9}.Debug|Any CPU.ActiveCfg = Debug|Any CPU
		{2B61F78C-929E-49A7-9717-FAFCE6F618D9}.Debug|Any CPU.Build.0 = Debug|Any CPU
		{2B61F78C-929E-49A7-9717-FAFCE6F618D9}.Release|Any CPU.ActiveCfg = Release|Any CPU
		{2B61F78C-929E-49A7-9717-FAFCE6F618D9}.Release|Any CPU.Build.0 = Release|Any CPU
		{1F94FCEC-227F-499A-B8C9-A3378116D6F9}.Debug|Any CPU.ActiveCfg = Debug|Any CPU
		{1F94FCEC-227F-499A-B8C9-A3378116D6F9}.Debug|Any CPU.Build.0 = Debug|Any CPU
		{1F94FCEC-227F-499A-B8C9-A3378116D6F9}.Release|Any CPU.ActiveCfg = Release|Any CPU
		{1F94FCEC-227F-499A-B8C9-A3378116D6F9}.Release|Any CPU.Build.0 = Release|Any CPU
		{BF0C2847-10FE-4D19-96D7-F5B644D0C83B}.Debug|Any CPU.ActiveCfg = Debug|Any CPU
		{BF0C2847-10FE-4D19-96D7-F5B644D0C83B}.Debug|Any CPU.Build.0 = Debug|Any CPU
		{BF0C2847-10FE-4D19-96D7-F5B644D0C83B}.Release|Any CPU.ActiveCfg = Release|Any CPU
		{BF0C2847-10FE-4D19-96D7-F5B644D0C83B}.Release|Any CPU.Build.0 = Release|Any CPU
		{BC21BB5B-B31C-44ED-BCF9-E29B44CB3CFA}.Debug|Any CPU.ActiveCfg = Debug|Any CPU
		{BC21BB5B-B31C-44ED-BCF9-E29B44CB3CFA}.Debug|Any CPU.Build.0 = Debug|Any CPU
		{BC21BB5B-B31C-44ED-BCF9-E29B44CB3CFA}.Release|Any CPU.ActiveCfg = Release|Any CPU
		{BC21BB5B-B31C-44ED-BCF9-E29B44CB3CFA}.Release|Any CPU.Build.0 = Release|Any CPU
		{748304B4-C5F4-4863-8C46-2A87F240E781}.Debug|Any CPU.ActiveCfg = Debug|Any CPU
		{748304B4-C5F4-4863-8C46-2A87F240E781}.Debug|Any CPU.Build.0 = Debug|Any CPU
		{748304B4-C5F4-4863-8C46-2A87F240E781}.Release|Any CPU.ActiveCfg = Release|Any CPU
		{748304B4-C5F4-4863-8C46-2A87F240E781}.Release|Any CPU.Build.0 = Release|Any CPU
		{47C13B0B-060F-4BCB-B67E-800AE2F6D64B}.Debug|Any CPU.ActiveCfg = Debug|Any CPU
		{47C13B0B-060F-4BCB-B67E-800AE2F6D64B}.Debug|Any CPU.Build.0 = Debug|Any CPU
		{47C13B0B-060F-4BCB-B67E-800AE2F6D64B}.Release|Any CPU.ActiveCfg = Release|Any CPU
		{47C13B0B-060F-4BCB-B67E-800AE2F6D64B}.Release|Any CPU.Build.0 = Release|Any CPU
		{A177FEC6-4926-4DF4-97BB-AA1A7A9A4C76}.Debug|Any CPU.ActiveCfg = Debug|Any CPU
		{A177FEC6-4926-4DF4-97BB-AA1A7A9A4C76}.Debug|Any CPU.Build.0 = Debug|Any CPU
		{A177FEC6-4926-4DF4-97BB-AA1A7A9A4C76}.Release|Any CPU.ActiveCfg = Release|Any CPU
		{A177FEC6-4926-4DF4-97BB-AA1A7A9A4C76}.Release|Any CPU.Build.0 = Release|Any CPU
		{EBF27832-06FA-4874-99E1-0E0E1DFE61F2}.Debug|Any CPU.ActiveCfg = Debug|Any CPU
		{EBF27832-06FA-4874-99E1-0E0E1DFE61F2}.Debug|Any CPU.Build.0 = Debug|Any CPU
		{EBF27832-06FA-4874-99E1-0E0E1DFE61F2}.Release|Any CPU.ActiveCfg = Release|Any CPU
		{EBF27832-06FA-4874-99E1-0E0E1DFE61F2}.Release|Any CPU.Build.0 = Release|Any CPU
		{1CA6CC37-39E0-48C6-A3AE-EB494E4B0F3C}.Debug|Any CPU.ActiveCfg = Debug|Any CPU
		{1CA6CC37-39E0-48C6-A3AE-EB494E4B0F3C}.Debug|Any CPU.Build.0 = Debug|Any CPU
		{1CA6CC37-39E0-48C6-A3AE-EB494E4B0F3C}.Release|Any CPU.ActiveCfg = Release|Any CPU
		{1CA6CC37-39E0-48C6-A3AE-EB494E4B0F3C}.Release|Any CPU.Build.0 = Release|Any CPU
		{1D89CB3C-2151-4AF6-B1B7-4A9EA7E26D45}.Debug|Any CPU.ActiveCfg = Debug|Any CPU
		{1D89CB3C-2151-4AF6-B1B7-4A9EA7E26D45}.Debug|Any CPU.Build.0 = Debug|Any CPU
		{1D89CB3C-2151-4AF6-B1B7-4A9EA7E26D45}.Release|Any CPU.ActiveCfg = Release|Any CPU
		{1D89CB3C-2151-4AF6-B1B7-4A9EA7E26D45}.Release|Any CPU.Build.0 = Release|Any CPU
		{A0CA3AFE-F673-49F0-A3B0-A6F29CE76EA9}.Debug|Any CPU.ActiveCfg = Debug|Any CPU
		{A0CA3AFE-F673-49F0-A3B0-A6F29CE76EA9}.Debug|Any CPU.Build.0 = Debug|Any CPU
		{A0CA3AFE-F673-49F0-A3B0-A6F29CE76EA9}.Release|Any CPU.ActiveCfg = Release|Any CPU
		{A0CA3AFE-F673-49F0-A3B0-A6F29CE76EA9}.Release|Any CPU.Build.0 = Release|Any CPU
	EndGlobalSection
	GlobalSection(SolutionProperties) = preSolution
		HideSolutionNode = FALSE
	EndGlobalSection
	GlobalSection(NestedProjects) = preSolution
		{2B61F78C-929E-49A7-9717-FAFCE6F618D9} = {862CEB96-098B-44F5-9492-43A4076A0541}
		{1F94FCEC-227F-499A-B8C9-A3378116D6F9} = {C266FC08-72AA-4DF2-858F-7B214253B3C0}
		{BF0C2847-10FE-4D19-96D7-F5B644D0C83B} = {ACD65506-70C9-470B-8DA9-3C4051710F2B}
		{BC21BB5B-B31C-44ED-BCF9-E29B44CB3CFA} = {1E0F231A-23F5-4E2B-9BC3-45BA646D347B}
		{748304B4-C5F4-4863-8C46-2A87F240E781} = {3286152C-7FDE-46D7-B82A-B88571848368}
		{47C13B0B-060F-4BCB-B67E-800AE2F6D64B} = {DC427665-227E-49CD-8C86-9C0BA5F2D59B}
		{A177FEC6-4926-4DF4-97BB-AA1A7A9A4C76} = {05CCE06F-5A91-4199-BF01-688D9D15FD35}
		{EBF27832-06FA-4874-99E1-0E0E1DFE61F2} = {C986BB1E-4C22-4A9F-8324-0612DA9BA643}
		{1CA6CC37-39E0-48C6-A3AE-EB494E4B0F3C} = {9C4FBBEC-B253-4EC5-AE65-FA32E75147C8}
		{1D89CB3C-2151-4AF6-B1B7-4A9EA7E26D45} = {D39CF8E5-C196-4A80-ADB0-354656BD0E5A}
		{A0CA3AFE-F673-49F0-A3B0-A6F29CE76EA9} = {346A05F0-9685-45F1-8967-D5A5B302070B}
	EndGlobalSection
	GlobalSection(ExtensibilityGlobals) = postSolution
		SolutionGuid = {CC44ABE0-EFC7-4849-AA0E-3CD4EDE1D6C2}
	EndGlobalSection
EndGlobal
