
Microsoft Visual Studio Solution File, Format Version 12.00
# Visual Studio Version 16
VisualStudioVersion = 16.0.29409.12
MinimumVisualStudioVersion = 10.0.40219.1
Project("{9A19103F-16F7-4668-BE54-9A1E7A4F7556}") = "ChainOfResponsibilityPattern", "ChainOfResponsibilityPattern\ChainOfResponsibilityPattern.csproj", "{628D4F20-ECE4-4A09-8995-3CB0AA9341AD}"
EndProject
Project("{9A19103F-16F7-4668-BE54-9A1E7A4F7556}") = "IteratorPattern", "IteratorPattern\IteratorPattern.csproj", "{FC84EA70-FAAC-4EB3-AAAA-0657FC35D83A}"
EndProject
Project("{9A19103F-16F7-4668-BE54-9A1E7A4F7556}") = "CommandPattern", "CommandPattern\CommandPattern.csproj", "{2CAD1486-5468-4E36-9479-439244F083D8}"
EndProject
Project("{FAE04EC0-301F-11D3-BF4B-00C04F79EFBC}") = "TemplateMethodPattern", "TemplateMethodPattern\TemplateMethodPattern.csproj", "{64CD6AEB-BC00-4605-8D04-3262D77ABA20}"
EndProject
Project("{FAE04EC0-301F-11D3-BF4B-00C04F79EFBC}") = "StrategyPattern", "StrategyPattern\StrategyPattern.csproj", "{3F5CA08F-5717-49D0-9EE1-24C7223A9614}"
EndProject
Global
	GlobalSection(SolutionConfigurationPlatforms) = preSolution
		Debug|Any CPU = Debug|Any CPU
		Release|Any CPU = Release|Any CPU
	EndGlobalSection
	GlobalSection(ProjectConfigurationPlatforms) = postSolution
		{628D4F20-ECE4-4A09-8995-3CB0AA9341AD}.Debug|Any CPU.ActiveCfg = Debug|Any CPU
		{628D4F20-ECE4-4A09-8995-3CB0AA9341AD}.Debug|Any CPU.Build.0 = Debug|Any CPU
		{628D4F20-ECE4-4A09-8995-3CB0AA9341AD}.Release|Any CPU.ActiveCfg = Release|Any CPU
		{628D4F20-ECE4-4A09-8995-3CB0AA9341AD}.Release|Any CPU.Build.0 = Release|Any CPU
		{FC84EA70-FAAC-4EB3-AAAA-0657FC35D83A}.Debug|Any CPU.ActiveCfg = Debug|Any CPU
		{FC84EA70-FAAC-4EB3-AAAA-0657FC35D83A}.Debug|Any CPU.Build.0 = Debug|Any CPU
		{FC84EA70-FAAC-4EB3-AAAA-0657FC35D83A}.Release|Any CPU.ActiveCfg = Release|Any CPU
		{FC84EA70-FAAC-4EB3-AAAA-0657FC35D83A}.Release|Any CPU.Build.0 = Release|Any CPU
		{2CAD1486-5468-4E36-9479-439244F083D8}.Debug|Any CPU.ActiveCfg = Debug|Any CPU
		{2CAD1486-5468-4E36-9479-439244F083D8}.Debug|Any CPU.Build.0 = Debug|Any CPU
		{2CAD1486-5468-4E36-9479-439244F083D8}.Release|Any CPU.ActiveCfg = Release|Any CPU
		{2CAD1486-5468-4E36-9479-439244F083D8}.Release|Any CPU.Build.0 = Release|Any CPU
		{64CD6AEB-BC00-4605-8D04-3262D77ABA20}.Debug|Any CPU.ActiveCfg = Debug|Any CPU
		{64CD6AEB-BC00-4605-8D04-3262D77ABA20}.Debug|Any CPU.Build.0 = Debug|Any CPU
		{64CD6AEB-BC00-4605-8D04-3262D77ABA20}.Release|Any CPU.ActiveCfg = Release|Any CPU
		{64CD6AEB-BC00-4605-8D04-3262D77ABA20}.Release|Any CPU.Build.0 = Release|Any CPU
		{3F5CA08F-5717-49D0-9EE1-24C7223A9614}.Debug|Any CPU.ActiveCfg = Debug|Any CPU
		{3F5CA08F-5717-49D0-9EE1-24C7223A9614}.Debug|Any CPU.Build.0 = Debug|Any CPU
		{3F5CA08F-5717-49D0-9EE1-24C7223A9614}.Release|Any CPU.ActiveCfg = Release|Any CPU
		{3F5CA08F-5717-49D0-9EE1-24C7223A9614}.Release|Any CPU.Build.0 = Release|Any CPU
	EndGlobalSection
	GlobalSection(SolutionProperties) = preSolution
		HideSolutionNode = FALSE
	EndGlobalSection
	GlobalSection(ExtensibilityGlobals) = postSolution
		SolutionGuid = {CC44ABE0-EFC7-4849-AA0E-3CD4EDE1D6C2}
	EndGlobalSection
EndGlobal
