
Microsoft Visual Studio Solution File, Format Version 12.00
# Visual Studio Version 16
VisualStudioVersion = 16.0.29409.12
MinimumVisualStudioVersion = 10.0.40219.1
Project("{2150E333-8FDC-42A3-9474-1A3956D46DE8}") = "ChainOfResponsibility", "ChainOfResponsibility", "{862CEB96-098B-44F5-9492-43A4076A0541}"
EndProject
Project("{2150E333-8FDC-42A3-9474-1A3956D46DE8}") = "Command", "Command", "{C266FC08-72AA-4DF2-858F-7B214253B3C0}"
EndProject
Project("{2150E333-8FDC-42A3-9474-1A3956D46DE8}") = "Interpreter", "Interpreter", "{ACD65506-70C9-470B-8DA9-3C4051710F2B}"
EndProject
Project("{2150E333-8FDC-42A3-9474-1A3956D46DE8}") = "Iterator", "Iterator", "{1E0F231A-23F5-4E2B-9BC3-45BA646D347B}"
EndProject
Project("{2150E333-8FDC-42A3-9474-1A3956D46DE8}") = "Mediator", "Mediator", "{3286152C-7FDE-46D7-B82A-B88571848368}"
EndProject
Project("{2150E333-8FDC-42A3-9474-1A3956D46DE8}") = "Memento", "Memento", "{DC427665-227E-49CD-8C86-9C0BA5F2D59B}"
EndProject
Project("{2150E333-8FDC-42A3-9474-1A3956D46DE8}") = "Observer", "Observer", "{05CCE06F-5A91-4199-BF01-688D9D15FD35}"
EndProject
Project("{2150E333-8FDC-42A3-9474-1A3956D46DE8}") = "State", "State", "{C986BB1E-4C22-4A9F-8324-0612DA9BA643}"
EndProject
Project("{2150E333-8FDC-42A3-9474-1A3956D46DE8}") = "Strategy", "Strategy", "{9C4FBBEC-B253-4EC5-AE65-FA32E75147C8}"
EndProject
Project("{2150E333-8FDC-42A3-9474-1A3956D46DE8}") = "TemplateMethod", "TemplateMethod", "{D39CF8E5-C196-4A80-ADB0-354656BD0E5A}"
EndProject
Project("{2150E333-8FDC-42A3-9474-1A3956D46DE8}") = "Visitor", "Visitor", "{346A05F0-9685-45F1-8967-D5A5B302070B}"
EndProject
Project("{9A19103F-16F7-4668-BE54-9A1E7A4F7556}") = "LightSwitch", "Command\LightSwitch\LightSwitch.csproj", "{74819B5B-FD46-4388-AF8C-624AE1D2DBCF}"
EndProject
Project("{9A19103F-16F7-4668-BE54-9A1E7A4F7556}") = "Kitchen", "Mediator\Kitchen\Kitchen.csproj", "{57ABA19A-BE08-435F-8057-7455342BC2BD}"
EndProject
Project("{9A19103F-16F7-4668-BE54-9A1E7A4F7556}") = "InvestorStocks", "Observer\InvestorStocks\InvestorStocks.csproj", "{4267A23B-CDC9-48E7-8BC2-728C370CA5D2}"
EndProject
Project("{9A19103F-16F7-4668-BE54-9A1E7A4F7556}") = "AccountState", "State\AccountState\AccountState.csproj", "{73C1A4D0-70B5-47F0-9405-755B10DEC8C7}"
EndProject
Project("{9A19103F-16F7-4668-BE54-9A1E7A4F7556}") = "EmployeeAdministration", "Visitor\EmployeeAdministration\EmployeeAdministration.csproj", "{276D0A61-E7FF-4440-9315-00B7B3D6320D}"
EndProject
Project("{9A19103F-16F7-4668-BE54-9A1E7A4F7556}") = "ChainOfResponsibility.Common", "ChainOfResponsibility\ChainOfResponsibility.Common\ChainOfResponsibility.Common.csproj", "{DA08EA8A-58F4-4E36-B500-728A605621F8}"
EndProject
Project("{9A19103F-16F7-4668-BE54-9A1E7A4F7556}") = "TeaHouse", "TemplateMethod\TeaHouse\TeaHouse.csproj", "{78C01C71-746D-4B2E-A3D9-3184D32448F3}"
EndProject
Project("{9A19103F-16F7-4668-BE54-9A1E7A4F7556}") = "TemplateMethod.Common", "TemplateMethod\TemplateMethod.Common\TemplateMethod.Common.csproj", "{865D6CBC-BA7C-4EED-82B4-06F59B998424}"
EndProject
Project("{9A19103F-16F7-4668-BE54-9A1E7A4F7556}") = "Visitor.Common", "Visitor\Visitor.Common\Visitor.Common.csproj", "{B5E39781-93FD-49CA-8867-EDFFF7EAF5CE}"
EndProject
Project("{9A19103F-16F7-4668-BE54-9A1E7A4F7556}") = "SortTypes", "Strategy\SortTypes\SortTypes.csproj", "{72176874-A889-4897-890A-BD8DE48A5D5C}"
EndProject
Project("{9A19103F-16F7-4668-BE54-9A1E7A4F7556}") = "Strategy.Common", "Strategy\Strategy.Common\Strategy.Common.csproj", "{879BA9E0-49F9-46EA-982E-28833B20373C}"
EndProject
Project("{9A19103F-16F7-4668-BE54-9A1E7A4F7556}") = "State.Common", "State\State.Common\State.Common.csproj", "{6DA4C89D-A6EB-4269-A215-56E81EFD99D2}"
EndProject
Project("{9A19103F-16F7-4668-BE54-9A1E7A4F7556}") = "Observer.Common", "Observer\Observer.Common\Observer.Common.csproj", "{96610809-55AC-455F-91C1-16A99C161C6B}"
EndProject
Project("{9A19103F-16F7-4668-BE54-9A1E7A4F7556}") = "Command.Common", "Command\Command.Common\Command.Common.csproj", "{60FB1A2E-2465-4598-8B63-61115C0936BE}"
EndProject
Project("{9A19103F-16F7-4668-BE54-9A1E7A4F7556}") = "Interpreter.Common", "Interpreter\Interpreter.Common\Interpreter.Common.csproj", "{9CF861C6-3BE7-49C3-A65F-6D1FE2FE1960}"
EndProject
Project("{9A19103F-16F7-4668-BE54-9A1E7A4F7556}") = "RestaurantComplaint", "ChainOfResponsibility\RestaurantComplaint\RestaurantComplaint.csproj", "{FF7C8488-7326-4850-96E1-9E41FAF19FC1}"
EndProject
Project("{9A19103F-16F7-4668-BE54-9A1E7A4F7556}") = "PurchaseApproval", "ChainOfResponsibility\PurchaseApproval\PurchaseApproval.csproj", "{564F27A8-4973-4355-876C-9810DCFACD8F}"
EndProject
Project("{9A19103F-16F7-4668-BE54-9A1E7A4F7556}") = "RomanNumerals", "Interpreter\ContextExpressions\RomanNumerals.csproj", "{2DDB9EC5-4E40-4E49-B1FE-58C9C4DED9F8}"
EndProject
Project("{9A19103F-16F7-4668-BE54-9A1E7A4F7556}") = "Iterator.Common", "Iterator\Iterator.Common\Iterator.Common.csproj", "{89B3F32B-576F-42C1-9FE4-E422D4035F7A}"
EndProject
Project("{9A19103F-16F7-4668-BE54-9A1E7A4F7556}") = "SequenceNumbers", "Iterator\SequenceNumbers\SequenceNumbers.csproj", "{C4791EDD-3C63-4E43-9AB8-D6288AAC00C5}"
EndProject
Project("{9A19103F-16F7-4668-BE54-9A1E7A4F7556}") = "Mediator.Common", "Mediator\Mediator.Common\Mediator.Common.csproj", "{DD359148-4483-4BD9-8EEE-02D4EC12C93D}"
EndProject
Project("{9A19103F-16F7-4668-BE54-9A1E7A4F7556}") = "Messaging", "Mediator\Messaging\Messaging.csproj", "{ACD366B7-7EAC-467F-951C-84387A52C363}"
EndProject
Project("{9A19103F-16F7-4668-BE54-9A1E7A4F7556}") = "Memento.Common", "Memento\Memento.Common\Memento.Common.csproj", "{EA34C6BB-1B16-4941-A950-2120801A4825}"
EndProject
Project("{9A19103F-16F7-4668-BE54-9A1E7A4F7556}") = "ProspectState", "Memento\ProspectState\ProspectState.csproj", "{8375F9B0-EC95-41A7-B190-C0E1CB07B064}"
EndProject
Global
	GlobalSection(SolutionConfigurationPlatforms) = preSolution
		Debug|Any CPU = Debug|Any CPU
		Release|Any CPU = Release|Any CPU
	EndGlobalSection
	GlobalSection(ProjectConfigurationPlatforms) = postSolution
		{74819B5B-FD46-4388-AF8C-624AE1D2DBCF}.Debug|Any CPU.ActiveCfg = Debug|Any CPU
		{74819B5B-FD46-4388-AF8C-624AE1D2DBCF}.Debug|Any CPU.Build.0 = Debug|Any CPU
		{74819B5B-FD46-4388-AF8C-624AE1D2DBCF}.Release|Any CPU.ActiveCfg = Release|Any CPU
		{74819B5B-FD46-4388-AF8C-624AE1D2DBCF}.Release|Any CPU.Build.0 = Release|Any CPU
		{57ABA19A-BE08-435F-8057-7455342BC2BD}.Debug|Any CPU.ActiveCfg = Debug|Any CPU
		{57ABA19A-BE08-435F-8057-7455342BC2BD}.Debug|Any CPU.Build.0 = Debug|Any CPU
		{57ABA19A-BE08-435F-8057-7455342BC2BD}.Release|Any CPU.ActiveCfg = Release|Any CPU
		{57ABA19A-BE08-435F-8057-7455342BC2BD}.Release|Any CPU.Build.0 = Release|Any CPU
		{4267A23B-CDC9-48E7-8BC2-728C370CA5D2}.Debug|Any CPU.ActiveCfg = Debug|Any CPU
		{4267A23B-CDC9-48E7-8BC2-728C370CA5D2}.Debug|Any CPU.Build.0 = Debug|Any CPU
		{4267A23B-CDC9-48E7-8BC2-728C370CA5D2}.Release|Any CPU.ActiveCfg = Release|Any CPU
		{4267A23B-CDC9-48E7-8BC2-728C370CA5D2}.Release|Any CPU.Build.0 = Release|Any CPU
		{73C1A4D0-70B5-47F0-9405-755B10DEC8C7}.Debug|Any CPU.ActiveCfg = Debug|Any CPU
		{73C1A4D0-70B5-47F0-9405-755B10DEC8C7}.Debug|Any CPU.Build.0 = Debug|Any CPU
		{73C1A4D0-70B5-47F0-9405-755B10DEC8C7}.Release|Any CPU.ActiveCfg = Release|Any CPU
		{73C1A4D0-70B5-47F0-9405-755B10DEC8C7}.Release|Any CPU.Build.0 = Release|Any CPU
		{276D0A61-E7FF-4440-9315-00B7B3D6320D}.Debug|Any CPU.ActiveCfg = Debug|Any CPU
		{276D0A61-E7FF-4440-9315-00B7B3D6320D}.Debug|Any CPU.Build.0 = Debug|Any CPU
		{276D0A61-E7FF-4440-9315-00B7B3D6320D}.Release|Any CPU.ActiveCfg = Release|Any CPU
		{276D0A61-E7FF-4440-9315-00B7B3D6320D}.Release|Any CPU.Build.0 = Release|Any CPU
		{DA08EA8A-58F4-4E36-B500-728A605621F8}.Debug|Any CPU.ActiveCfg = Debug|Any CPU
		{DA08EA8A-58F4-4E36-B500-728A605621F8}.Debug|Any CPU.Build.0 = Debug|Any CPU
		{DA08EA8A-58F4-4E36-B500-728A605621F8}.Release|Any CPU.ActiveCfg = Release|Any CPU
		{DA08EA8A-58F4-4E36-B500-728A605621F8}.Release|Any CPU.Build.0 = Release|Any CPU
		{78C01C71-746D-4B2E-A3D9-3184D32448F3}.Debug|Any CPU.ActiveCfg = Debug|Any CPU
		{78C01C71-746D-4B2E-A3D9-3184D32448F3}.Debug|Any CPU.Build.0 = Debug|Any CPU
		{78C01C71-746D-4B2E-A3D9-3184D32448F3}.Release|Any CPU.ActiveCfg = Release|Any CPU
		{78C01C71-746D-4B2E-A3D9-3184D32448F3}.Release|Any CPU.Build.0 = Release|Any CPU
		{865D6CBC-BA7C-4EED-82B4-06F59B998424}.Debug|Any CPU.ActiveCfg = Debug|Any CPU
		{865D6CBC-BA7C-4EED-82B4-06F59B998424}.Debug|Any CPU.Build.0 = Debug|Any CPU
		{865D6CBC-BA7C-4EED-82B4-06F59B998424}.Release|Any CPU.ActiveCfg = Release|Any CPU
		{865D6CBC-BA7C-4EED-82B4-06F59B998424}.Release|Any CPU.Build.0 = Release|Any CPU
		{B5E39781-93FD-49CA-8867-EDFFF7EAF5CE}.Debug|Any CPU.ActiveCfg = Debug|Any CPU
		{B5E39781-93FD-49CA-8867-EDFFF7EAF5CE}.Debug|Any CPU.Build.0 = Debug|Any CPU
		{B5E39781-93FD-49CA-8867-EDFFF7EAF5CE}.Release|Any CPU.ActiveCfg = Release|Any CPU
		{B5E39781-93FD-49CA-8867-EDFFF7EAF5CE}.Release|Any CPU.Build.0 = Release|Any CPU
		{72176874-A889-4897-890A-BD8DE48A5D5C}.Debug|Any CPU.ActiveCfg = Debug|Any CPU
		{72176874-A889-4897-890A-BD8DE48A5D5C}.Debug|Any CPU.Build.0 = Debug|Any CPU
		{72176874-A889-4897-890A-BD8DE48A5D5C}.Release|Any CPU.ActiveCfg = Release|Any CPU
		{72176874-A889-4897-890A-BD8DE48A5D5C}.Release|Any CPU.Build.0 = Release|Any CPU
		{879BA9E0-49F9-46EA-982E-28833B20373C}.Debug|Any CPU.ActiveCfg = Debug|Any CPU
		{879BA9E0-49F9-46EA-982E-28833B20373C}.Debug|Any CPU.Build.0 = Debug|Any CPU
		{879BA9E0-49F9-46EA-982E-28833B20373C}.Release|Any CPU.ActiveCfg = Release|Any CPU
		{879BA9E0-49F9-46EA-982E-28833B20373C}.Release|Any CPU.Build.0 = Release|Any CPU
		{6DA4C89D-A6EB-4269-A215-56E81EFD99D2}.Debug|Any CPU.ActiveCfg = Debug|Any CPU
		{6DA4C89D-A6EB-4269-A215-56E81EFD99D2}.Debug|Any CPU.Build.0 = Debug|Any CPU
		{6DA4C89D-A6EB-4269-A215-56E81EFD99D2}.Release|Any CPU.ActiveCfg = Release|Any CPU
		{6DA4C89D-A6EB-4269-A215-56E81EFD99D2}.Release|Any CPU.Build.0 = Release|Any CPU
		{96610809-55AC-455F-91C1-16A99C161C6B}.Debug|Any CPU.ActiveCfg = Debug|Any CPU
		{96610809-55AC-455F-91C1-16A99C161C6B}.Debug|Any CPU.Build.0 = Debug|Any CPU
		{96610809-55AC-455F-91C1-16A99C161C6B}.Release|Any CPU.ActiveCfg = Release|Any CPU
		{96610809-55AC-455F-91C1-16A99C161C6B}.Release|Any CPU.Build.0 = Release|Any CPU
		{60FB1A2E-2465-4598-8B63-61115C0936BE}.Debug|Any CPU.ActiveCfg = Debug|Any CPU
		{60FB1A2E-2465-4598-8B63-61115C0936BE}.Debug|Any CPU.Build.0 = Debug|Any CPU
		{60FB1A2E-2465-4598-8B63-61115C0936BE}.Release|Any CPU.ActiveCfg = Release|Any CPU
		{60FB1A2E-2465-4598-8B63-61115C0936BE}.Release|Any CPU.Build.0 = Release|Any CPU
		{9CF861C6-3BE7-49C3-A65F-6D1FE2FE1960}.Debug|Any CPU.ActiveCfg = Debug|Any CPU
		{9CF861C6-3BE7-49C3-A65F-6D1FE2FE1960}.Debug|Any CPU.Build.0 = Debug|Any CPU
		{9CF861C6-3BE7-49C3-A65F-6D1FE2FE1960}.Release|Any CPU.ActiveCfg = Release|Any CPU
		{9CF861C6-3BE7-49C3-A65F-6D1FE2FE1960}.Release|Any CPU.Build.0 = Release|Any CPU
		{FF7C8488-7326-4850-96E1-9E41FAF19FC1}.Debug|Any CPU.ActiveCfg = Debug|Any CPU
		{FF7C8488-7326-4850-96E1-9E41FAF19FC1}.Debug|Any CPU.Build.0 = Debug|Any CPU
		{FF7C8488-7326-4850-96E1-9E41FAF19FC1}.Release|Any CPU.ActiveCfg = Release|Any CPU
		{FF7C8488-7326-4850-96E1-9E41FAF19FC1}.Release|Any CPU.Build.0 = Release|Any CPU
		{564F27A8-4973-4355-876C-9810DCFACD8F}.Debug|Any CPU.ActiveCfg = Debug|Any CPU
		{564F27A8-4973-4355-876C-9810DCFACD8F}.Debug|Any CPU.Build.0 = Debug|Any CPU
		{564F27A8-4973-4355-876C-9810DCFACD8F}.Release|Any CPU.ActiveCfg = Release|Any CPU
		{564F27A8-4973-4355-876C-9810DCFACD8F}.Release|Any CPU.Build.0 = Release|Any CPU
		{2DDB9EC5-4E40-4E49-B1FE-58C9C4DED9F8}.Debug|Any CPU.ActiveCfg = Debug|Any CPU
		{2DDB9EC5-4E40-4E49-B1FE-58C9C4DED9F8}.Debug|Any CPU.Build.0 = Debug|Any CPU
		{2DDB9EC5-4E40-4E49-B1FE-58C9C4DED9F8}.Release|Any CPU.ActiveCfg = Release|Any CPU
		{2DDB9EC5-4E40-4E49-B1FE-58C9C4DED9F8}.Release|Any CPU.Build.0 = Release|Any CPU
		{89B3F32B-576F-42C1-9FE4-E422D4035F7A}.Debug|Any CPU.ActiveCfg = Debug|Any CPU
		{89B3F32B-576F-42C1-9FE4-E422D4035F7A}.Debug|Any CPU.Build.0 = Debug|Any CPU
		{89B3F32B-576F-42C1-9FE4-E422D4035F7A}.Release|Any CPU.ActiveCfg = Release|Any CPU
		{89B3F32B-576F-42C1-9FE4-E422D4035F7A}.Release|Any CPU.Build.0 = Release|Any CPU
		{C4791EDD-3C63-4E43-9AB8-D6288AAC00C5}.Debug|Any CPU.ActiveCfg = Debug|Any CPU
		{C4791EDD-3C63-4E43-9AB8-D6288AAC00C5}.Debug|Any CPU.Build.0 = Debug|Any CPU
		{C4791EDD-3C63-4E43-9AB8-D6288AAC00C5}.Release|Any CPU.ActiveCfg = Release|Any CPU
		{C4791EDD-3C63-4E43-9AB8-D6288AAC00C5}.Release|Any CPU.Build.0 = Release|Any CPU
		{DD359148-4483-4BD9-8EEE-02D4EC12C93D}.Debug|Any CPU.ActiveCfg = Debug|Any CPU
		{DD359148-4483-4BD9-8EEE-02D4EC12C93D}.Debug|Any CPU.Build.0 = Debug|Any CPU
		{DD359148-4483-4BD9-8EEE-02D4EC12C93D}.Release|Any CPU.ActiveCfg = Release|Any CPU
		{DD359148-4483-4BD9-8EEE-02D4EC12C93D}.Release|Any CPU.Build.0 = Release|Any CPU
		{ACD366B7-7EAC-467F-951C-84387A52C363}.Debug|Any CPU.ActiveCfg = Debug|Any CPU
		{ACD366B7-7EAC-467F-951C-84387A52C363}.Debug|Any CPU.Build.0 = Debug|Any CPU
		{ACD366B7-7EAC-467F-951C-84387A52C363}.Release|Any CPU.ActiveCfg = Release|Any CPU
		{ACD366B7-7EAC-467F-951C-84387A52C363}.Release|Any CPU.Build.0 = Release|Any CPU
		{EA34C6BB-1B16-4941-A950-2120801A4825}.Debug|Any CPU.ActiveCfg = Debug|Any CPU
		{EA34C6BB-1B16-4941-A950-2120801A4825}.Debug|Any CPU.Build.0 = Debug|Any CPU
		{EA34C6BB-1B16-4941-A950-2120801A4825}.Release|Any CPU.ActiveCfg = Release|Any CPU
		{EA34C6BB-1B16-4941-A950-2120801A4825}.Release|Any CPU.Build.0 = Release|Any CPU
		{8375F9B0-EC95-41A7-B190-C0E1CB07B064}.Debug|Any CPU.ActiveCfg = Debug|Any CPU
		{8375F9B0-EC95-41A7-B190-C0E1CB07B064}.Debug|Any CPU.Build.0 = Debug|Any CPU
		{8375F9B0-EC95-41A7-B190-C0E1CB07B064}.Release|Any CPU.ActiveCfg = Release|Any CPU
		{8375F9B0-EC95-41A7-B190-C0E1CB07B064}.Release|Any CPU.Build.0 = Release|Any CPU
	EndGlobalSection
	GlobalSection(SolutionProperties) = preSolution
		HideSolutionNode = FALSE
	EndGlobalSection
	GlobalSection(NestedProjects) = preSolution
		{74819B5B-FD46-4388-AF8C-624AE1D2DBCF} = {C266FC08-72AA-4DF2-858F-7B214253B3C0}
		{57ABA19A-BE08-435F-8057-7455342BC2BD} = {3286152C-7FDE-46D7-B82A-B88571848368}
		{4267A23B-CDC9-48E7-8BC2-728C370CA5D2} = {05CCE06F-5A91-4199-BF01-688D9D15FD35}
		{73C1A4D0-70B5-47F0-9405-755B10DEC8C7} = {C986BB1E-4C22-4A9F-8324-0612DA9BA643}
		{276D0A61-E7FF-4440-9315-00B7B3D6320D} = {346A05F0-9685-45F1-8967-D5A5B302070B}
		{DA08EA8A-58F4-4E36-B500-728A605621F8} = {862CEB96-098B-44F5-9492-43A4076A0541}
		{78C01C71-746D-4B2E-A3D9-3184D32448F3} = {D39CF8E5-C196-4A80-ADB0-354656BD0E5A}
		{865D6CBC-BA7C-4EED-82B4-06F59B998424} = {D39CF8E5-C196-4A80-ADB0-354656BD0E5A}
		{B5E39781-93FD-49CA-8867-EDFFF7EAF5CE} = {346A05F0-9685-45F1-8967-D5A5B302070B}
		{72176874-A889-4897-890A-BD8DE48A5D5C} = {9C4FBBEC-B253-4EC5-AE65-FA32E75147C8}
		{879BA9E0-49F9-46EA-982E-28833B20373C} = {9C4FBBEC-B253-4EC5-AE65-FA32E75147C8}
		{6DA4C89D-A6EB-4269-A215-56E81EFD99D2} = {C986BB1E-4C22-4A9F-8324-0612DA9BA643}
		{96610809-55AC-455F-91C1-16A99C161C6B} = {05CCE06F-5A91-4199-BF01-688D9D15FD35}
		{60FB1A2E-2465-4598-8B63-61115C0936BE} = {C266FC08-72AA-4DF2-858F-7B214253B3C0}
		{9CF861C6-3BE7-49C3-A65F-6D1FE2FE1960} = {ACD65506-70C9-470B-8DA9-3C4051710F2B}
		{FF7C8488-7326-4850-96E1-9E41FAF19FC1} = {862CEB96-098B-44F5-9492-43A4076A0541}
		{564F27A8-4973-4355-876C-9810DCFACD8F} = {862CEB96-098B-44F5-9492-43A4076A0541}
		{2DDB9EC5-4E40-4E49-B1FE-58C9C4DED9F8} = {ACD65506-70C9-470B-8DA9-3C4051710F2B}
		{89B3F32B-576F-42C1-9FE4-E422D4035F7A} = {1E0F231A-23F5-4E2B-9BC3-45BA646D347B}
		{C4791EDD-3C63-4E43-9AB8-D6288AAC00C5} = {1E0F231A-23F5-4E2B-9BC3-45BA646D347B}
		{DD359148-4483-4BD9-8EEE-02D4EC12C93D} = {3286152C-7FDE-46D7-B82A-B88571848368}
		{ACD366B7-7EAC-467F-951C-84387A52C363} = {3286152C-7FDE-46D7-B82A-B88571848368}
		{EA34C6BB-1B16-4941-A950-2120801A4825} = {DC427665-227E-49CD-8C86-9C0BA5F2D59B}
		{8375F9B0-EC95-41A7-B190-C0E1CB07B064} = {DC427665-227E-49CD-8C86-9C0BA5F2D59B}
	EndGlobalSection
	GlobalSection(ExtensibilityGlobals) = postSolution
		SolutionGuid = {CC44ABE0-EFC7-4849-AA0E-3CD4EDE1D6C2}
	EndGlobalSection
EndGlobal
