
Microsoft Visual Studio Solution File, Format Version 12.00
# Visual Studio Version 16
VisualStudioVersion = 16.0.29409.12
MinimumVisualStudioVersion = 10.0.40219.1
Project("{FAE04EC0-301F-11D3-BF4B-00C04F79EFBC}") = "FacadePattern", "FacadePattern\FacadePattern.csproj", "{0FB94E63-C092-4EFF-916E-44D483672F0F}"
EndProject
Project("{FAE04EC0-301F-11D3-BF4B-00C04F79EFBC}") = "CompositePattern", "CompositePattern\CompositePattern.csproj", "{0B20F027-5530-450B-BB7F-4B150E735CE7}"
EndProject
Project("{FAE04EC0-301F-11D3-BF4B-00C04F79EFBC}") = "ProxyPattern", "ProxyPattern\ProxyPattern.csproj", "{5C5C6F60-D878-4626-8BED-64CCE8B3D571}"
EndProject
Project("{FAE04EC0-301F-11D3-BF4B-00C04F79EFBC}") = "DecoratorPattern", "DecoratorPattern\DecoratorPattern.csproj", "{AED39044-0041-4D54-BF46-CF33120C9CD0}"
EndProject
Global
	GlobalSection(SolutionConfigurationPlatforms) = preSolution
		Debug|Any CPU = Debug|Any CPU
		Release|Any CPU = Release|Any CPU
	EndGlobalSection
	GlobalSection(ProjectConfigurationPlatforms) = postSolution
		{0FB94E63-C092-4EFF-916E-44D483672F0F}.Debug|Any CPU.ActiveCfg = Debug|Any CPU
		{0FB94E63-C092-4EFF-916E-44D483672F0F}.Debug|Any CPU.Build.0 = Debug|Any CPU
		{0FB94E63-C092-4EFF-916E-44D483672F0F}.Release|Any CPU.ActiveCfg = Release|Any CPU
		{0FB94E63-C092-4EFF-916E-44D483672F0F}.Release|Any CPU.Build.0 = Release|Any CPU
		{0B20F027-5530-450B-BB7F-4B150E735CE7}.Debug|Any CPU.ActiveCfg = Debug|Any CPU
		{0B20F027-5530-450B-BB7F-4B150E735CE7}.Debug|Any CPU.Build.0 = Debug|Any CPU
		{0B20F027-5530-450B-BB7F-4B150E735CE7}.Release|Any CPU.ActiveCfg = Release|Any CPU
		{0B20F027-5530-450B-BB7F-4B150E735CE7}.Release|Any CPU.Build.0 = Release|Any CPU
		{5C5C6F60-D878-4626-8BED-64CCE8B3D571}.Debug|Any CPU.ActiveCfg = Debug|Any CPU
		{5C5C6F60-D878-4626-8BED-64CCE8B3D571}.Debug|Any CPU.Build.0 = Debug|Any CPU
		{5C5C6F60-D878-4626-8BED-64CCE8B3D571}.Release|Any CPU.ActiveCfg = Release|Any CPU
		{5C5C6F60-D878-4626-8BED-64CCE8B3D571}.Release|Any CPU.Build.0 = Release|Any CPU
		{AED39044-0041-4D54-BF46-CF33120C9CD0}.Debug|Any CPU.ActiveCfg = Debug|Any CPU
		{AED39044-0041-4D54-BF46-CF33120C9CD0}.Debug|Any CPU.Build.0 = Debug|Any CPU
		{AED39044-0041-4D54-BF46-CF33120C9CD0}.Release|Any CPU.ActiveCfg = Release|Any CPU
		{AED39044-0041-4D54-BF46-CF33120C9CD0}.Release|Any CPU.Build.0 = Release|Any CPU
	EndGlobalSection
	GlobalSection(SolutionProperties) = preSolution
		HideSolutionNode = FALSE
	EndGlobalSection
	GlobalSection(ExtensibilityGlobals) = postSolution
		SolutionGuid = {A8C01D31-785E-465E-8DED-0A359AB28B76}
	EndGlobalSection
EndGlobal
