
Microsoft Visual Studio Solution File, Format Version 12.00
# Visual Studio Version 16
VisualStudioVersion = 16.0.29409.12
MinimumVisualStudioVersion = 10.0.40219.1
Project("{2150E333-8FDC-42A3-9474-1A3956D46DE8}") = "Adapter", "Adapter", "{EDCEB65B-E968-41FA-AFAF-D2B9D04075B4}"
EndProject
Project("{2150E333-8FDC-42A3-9474-1A3956D46DE8}") = "Bridge", "Bridge", "{3D63049F-E379-4732-B4AD-B7B0C8AE5ED2}"
EndProject
Project("{2150E333-8FDC-42A3-9474-1A3956D46DE8}") = "Composite", "Composite", "{09D25D36-883B-48F8-96AC-A5028E05BA15}"
EndProject
Project("{2150E333-8FDC-42A3-9474-1A3956D46DE8}") = "Decorator", "Decorator", "{81C47088-B65E-4448-BC4D-88FB3548E075}"
EndProject
Project("{2150E333-8FDC-42A3-9474-1A3956D46DE8}") = "Facade", "Facade", "{CB27CAEF-EDCD-48D3-AD85-072FB75CBE2C}"
EndProject
Project("{2150E333-8FDC-42A3-9474-1A3956D46DE8}") = "Flyweight", "Flyweight", "{A0F72915-5A3D-4E10-8FED-A4886BFC99AF}"
EndProject
Project("{2150E333-8FDC-42A3-9474-1A3956D46DE8}") = "Proxy", "Proxy", "{4FCAC004-BE93-4656-87F2-89F3656DBEB1}"
EndProject
Project("{9A19103F-16F7-4668-BE54-9A1E7A4F7556}") = "Borrowable", "Decorator\Borrowable\Borrowable.csproj", "{D7121D16-8DA4-443C-A64F-A6A908AA0FBD}"
EndProject
Project("{9A19103F-16F7-4668-BE54-9A1E7A4F7556}") = "MathProxy", "Proxy\MathProxy\MathProxy.csproj", "{729A3B10-2E6E-4E0D-95C6-2CC294C1A83E}"
EndProject
Project("{9A19103F-16F7-4668-BE54-9A1E7A4F7556}") = "ChemicalCompounds", "Adapter\ChemicalCompounds\ChemicalCompounds.csproj", "{E874C1A8-7E87-41BC-8637-AEA49D7AA42C}"
EndProject
Project("{9A19103F-16F7-4668-BE54-9A1E7A4F7556}") = "StructuralPatterns.Common", "StructuralPatterns.Common\StructuralPatterns.Common.csproj", "{F9AAD04B-5BE4-4B71-AC60-1D6A9D0E0907}"
EndProject
Project("{9A19103F-16F7-4668-BE54-9A1E7A4F7556}") = "Cafeteria", "Adapter\Cafeteria\Cafeteria.csproj", "{E7037448-5883-4608-9D3B-2FCE05D99BEA}"
EndProject
Project("{9A19103F-16F7-4668-BE54-9A1E7A4F7556}") = "ManuscriptMaker", "Bridge\ManuscriptMaker\ManuscriptMaker.csproj", "{3BA4E9E4-CFE7-42FC-967D-E5DEA723EC75}"
EndProject
Project("{9A19103F-16F7-4668-BE54-9A1E7A4F7556}") = "EmployeeITStructure", "Composite\EmployeeITStructure\EmployeeITStructure.csproj", "{B9A2ED20-DBA6-4C9D-B187-03B6099DF116}"
EndProject
Project("{9A19103F-16F7-4668-BE54-9A1E7A4F7556}") = "CharacterPointSize", "Flyweight\CharacterPointSize\CharacterPointSize.csproj", "{1119DB8A-10E3-40ED-9E83-8DC175AE9DD3}"
EndProject
Project("{9A19103F-16F7-4668-BE54-9A1E7A4F7556}") = "Bar", "Facade\Bar\Bar.csproj", "{75D3BF2B-0CA0-4676-8437-B535EC8CE7FB}"
EndProject
Project("{9A19103F-16F7-4668-BE54-9A1E7A4F7556}") = "Garage", "Facade\Garage\Garage.csproj", "{00A60C51-68DA-4256-86FE-BC0B621612B6}"
EndProject
Global
	GlobalSection(SolutionConfigurationPlatforms) = preSolution
		Debug|Any CPU = Debug|Any CPU
		Release|Any CPU = Release|Any CPU
	EndGlobalSection
	GlobalSection(ProjectConfigurationPlatforms) = postSolution
		{D7121D16-8DA4-443C-A64F-A6A908AA0FBD}.Debug|Any CPU.ActiveCfg = Debug|Any CPU
		{D7121D16-8DA4-443C-A64F-A6A908AA0FBD}.Debug|Any CPU.Build.0 = Debug|Any CPU
		{D7121D16-8DA4-443C-A64F-A6A908AA0FBD}.Release|Any CPU.ActiveCfg = Release|Any CPU
		{D7121D16-8DA4-443C-A64F-A6A908AA0FBD}.Release|Any CPU.Build.0 = Release|Any CPU
		{729A3B10-2E6E-4E0D-95C6-2CC294C1A83E}.Debug|Any CPU.ActiveCfg = Debug|Any CPU
		{729A3B10-2E6E-4E0D-95C6-2CC294C1A83E}.Debug|Any CPU.Build.0 = Debug|Any CPU
		{729A3B10-2E6E-4E0D-95C6-2CC294C1A83E}.Release|Any CPU.ActiveCfg = Release|Any CPU
		{729A3B10-2E6E-4E0D-95C6-2CC294C1A83E}.Release|Any CPU.Build.0 = Release|Any CPU
		{E874C1A8-7E87-41BC-8637-AEA49D7AA42C}.Debug|Any CPU.ActiveCfg = Debug|Any CPU
		{E874C1A8-7E87-41BC-8637-AEA49D7AA42C}.Debug|Any CPU.Build.0 = Debug|Any CPU
		{E874C1A8-7E87-41BC-8637-AEA49D7AA42C}.Release|Any CPU.ActiveCfg = Release|Any CPU
		{E874C1A8-7E87-41BC-8637-AEA49D7AA42C}.Release|Any CPU.Build.0 = Release|Any CPU
		{F9AAD04B-5BE4-4B71-AC60-1D6A9D0E0907}.Debug|Any CPU.ActiveCfg = Debug|Any CPU
		{F9AAD04B-5BE4-4B71-AC60-1D6A9D0E0907}.Debug|Any CPU.Build.0 = Debug|Any CPU
		{F9AAD04B-5BE4-4B71-AC60-1D6A9D0E0907}.Release|Any CPU.ActiveCfg = Release|Any CPU
		{F9AAD04B-5BE4-4B71-AC60-1D6A9D0E0907}.Release|Any CPU.Build.0 = Release|Any CPU
		{E7037448-5883-4608-9D3B-2FCE05D99BEA}.Debug|Any CPU.ActiveCfg = Debug|Any CPU
		{E7037448-5883-4608-9D3B-2FCE05D99BEA}.Debug|Any CPU.Build.0 = Debug|Any CPU
		{E7037448-5883-4608-9D3B-2FCE05D99BEA}.Release|Any CPU.ActiveCfg = Release|Any CPU
		{E7037448-5883-4608-9D3B-2FCE05D99BEA}.Release|Any CPU.Build.0 = Release|Any CPU
		{3BA4E9E4-CFE7-42FC-967D-E5DEA723EC75}.Debug|Any CPU.ActiveCfg = Debug|Any CPU
		{3BA4E9E4-CFE7-42FC-967D-E5DEA723EC75}.Debug|Any CPU.Build.0 = Debug|Any CPU
		{3BA4E9E4-CFE7-42FC-967D-E5DEA723EC75}.Release|Any CPU.ActiveCfg = Release|Any CPU
		{3BA4E9E4-CFE7-42FC-967D-E5DEA723EC75}.Release|Any CPU.Build.0 = Release|Any CPU
		{B9A2ED20-DBA6-4C9D-B187-03B6099DF116}.Debug|Any CPU.ActiveCfg = Debug|Any CPU
		{B9A2ED20-DBA6-4C9D-B187-03B6099DF116}.Debug|Any CPU.Build.0 = Debug|Any CPU
		{B9A2ED20-DBA6-4C9D-B187-03B6099DF116}.Release|Any CPU.ActiveCfg = Release|Any CPU
		{B9A2ED20-DBA6-4C9D-B187-03B6099DF116}.Release|Any CPU.Build.0 = Release|Any CPU
		{1119DB8A-10E3-40ED-9E83-8DC175AE9DD3}.Debug|Any CPU.ActiveCfg = Debug|Any CPU
		{1119DB8A-10E3-40ED-9E83-8DC175AE9DD3}.Debug|Any CPU.Build.0 = Debug|Any CPU
		{1119DB8A-10E3-40ED-9E83-8DC175AE9DD3}.Release|Any CPU.ActiveCfg = Release|Any CPU
		{1119DB8A-10E3-40ED-9E83-8DC175AE9DD3}.Release|Any CPU.Build.0 = Release|Any CPU
		{75D3BF2B-0CA0-4676-8437-B535EC8CE7FB}.Debug|Any CPU.ActiveCfg = Debug|Any CPU
		{75D3BF2B-0CA0-4676-8437-B535EC8CE7FB}.Debug|Any CPU.Build.0 = Debug|Any CPU
		{75D3BF2B-0CA0-4676-8437-B535EC8CE7FB}.Release|Any CPU.ActiveCfg = Release|Any CPU
		{75D3BF2B-0CA0-4676-8437-B535EC8CE7FB}.Release|Any CPU.Build.0 = Release|Any CPU
		{00A60C51-68DA-4256-86FE-BC0B621612B6}.Debug|Any CPU.ActiveCfg = Debug|Any CPU
		{00A60C51-68DA-4256-86FE-BC0B621612B6}.Debug|Any CPU.Build.0 = Debug|Any CPU
		{00A60C51-68DA-4256-86FE-BC0B621612B6}.Release|Any CPU.ActiveCfg = Release|Any CPU
		{00A60C51-68DA-4256-86FE-BC0B621612B6}.Release|Any CPU.Build.0 = Release|Any CPU
	EndGlobalSection
	GlobalSection(SolutionProperties) = preSolution
		HideSolutionNode = FALSE
	EndGlobalSection
	GlobalSection(NestedProjects) = preSolution
		{D7121D16-8DA4-443C-A64F-A6A908AA0FBD} = {81C47088-B65E-4448-BC4D-88FB3548E075}
		{729A3B10-2E6E-4E0D-95C6-2CC294C1A83E} = {4FCAC004-BE93-4656-87F2-89F3656DBEB1}
		{E874C1A8-7E87-41BC-8637-AEA49D7AA42C} = {EDCEB65B-E968-41FA-AFAF-D2B9D04075B4}
		{E7037448-5883-4608-9D3B-2FCE05D99BEA} = {EDCEB65B-E968-41FA-AFAF-D2B9D04075B4}
		{3BA4E9E4-CFE7-42FC-967D-E5DEA723EC75} = {3D63049F-E379-4732-B4AD-B7B0C8AE5ED2}
		{B9A2ED20-DBA6-4C9D-B187-03B6099DF116} = {09D25D36-883B-48F8-96AC-A5028E05BA15}
		{1119DB8A-10E3-40ED-9E83-8DC175AE9DD3} = {A0F72915-5A3D-4E10-8FED-A4886BFC99AF}
		{75D3BF2B-0CA0-4676-8437-B535EC8CE7FB} = {CB27CAEF-EDCD-48D3-AD85-072FB75CBE2C}
		{00A60C51-68DA-4256-86FE-BC0B621612B6} = {CB27CAEF-EDCD-48D3-AD85-072FB75CBE2C}
	EndGlobalSection
	GlobalSection(ExtensibilityGlobals) = postSolution
		SolutionGuid = {A8C01D31-785E-465E-8DED-0A359AB28B76}
	EndGlobalSection
EndGlobal
