
Microsoft Visual Studio Solution File, Format Version 12.00
# Visual Studio Version 16
VisualStudioVersion = 16.0.29409.12
MinimumVisualStudioVersion = 10.0.40219.1
Project("{2150E333-8FDC-42A3-9474-1A3956D46DE8}") = "AbstractFactory", "AbstractFactory", "{4E062C7D-112C-43C9-B358-C7A353CECF55}"
EndProject
Project("{2150E333-8FDC-42A3-9474-1A3956D46DE8}") = "Builder", "Builder", "{C69D744E-9E8A-4482-8891-FF1B88DAFF28}"
EndProject
Project("{2150E333-8FDC-42A3-9474-1A3956D46DE8}") = "Factory", "Factory", "{4862D6ED-765A-4E62-B6A3-8A357A073DE9}"
EndProject
Project("{2150E333-8FDC-42A3-9474-1A3956D46DE8}") = "FactoryMethod", "FactoryMethod", "{FBF5A556-A0FF-4265-94F2-57B657F0251F}"
EndProject
Project("{2150E333-8FDC-42A3-9474-1A3956D46DE8}") = "Prototype", "Prototype", "{CED28EA4-3CC3-45B7-BDB1-25FB0084EDCD}"
EndProject
Project("{2150E333-8FDC-42A3-9474-1A3956D46DE8}") = "SimpleFactory", "SimpleFactory", "{7A1FD591-7C3A-44DB-8B6D-E39FABC67363}"
EndProject
Project("{2150E333-8FDC-42A3-9474-1A3956D46DE8}") = "Singleton", "Singleton", "{E5EA0A2A-3640-4E98-AB02-6450639106CD}"
EndProject
Project("{9A19103F-16F7-4668-BE54-9A1E7A4F7556}") = "ColorManager", "Prototype\ColorManager\ColorManager.csproj", "{F270D8F3-4F6C-42DA-9DE6-BC58C3A622C6}"
EndProject
Project("{9A19103F-16F7-4668-BE54-9A1E7A4F7556}") = "Logger", "Singleton\Logger\Logger.csproj", "{6443D43D-120C-4887-8BAD-49F794B7E272}"
EndProject
Project("{9A19103F-16F7-4668-BE54-9A1E7A4F7556}") = "GetInstance", "Singleton\GetInstance\GetInstance.csproj", "{2D03B4B0-5082-493B-94FD-63DAAB0AC7D8}"
EndProject
Project("{9A19103F-16F7-4668-BE54-9A1E7A4F7556}") = "CreationalDesignPatterns.Common", "CreationalDesignPatterns.Common\CreationalDesignPatterns.Common.csproj", "{54D3C323-3E94-4B4A-91FA-78295ECFF47D}"
EndProject
Project("{9A19103F-16F7-4668-BE54-9A1E7A4F7556}") = "CoffeeShop", "Builder\CoffeeShop\CoffeeShop.csproj", "{A4FD8383-0C0E-44AE-A52E-A4C51B93CBF1}"
EndProject
Project("{9A19103F-16F7-4668-BE54-9A1E7A4F7556}") = "VehicleShop", "Builder\VehicleShop\VehicleShop.csproj", "{0F6E94C4-C8BA-43B4-BCB6-01641C80C010}"
EndProject
Project("{9A19103F-16F7-4668-BE54-9A1E7A4F7556}") = "PizzaRestaurant", "SimpleFactory\PizzaRestaurant\PizzaRestaurant.csproj", "{A90CA81C-2E24-4296-9D0F-37369E9BE8E9}"
EndProject
Project("{9A19103F-16F7-4668-BE54-9A1E7A4F7556}") = "CoffeeShop", "SimpleFactory\CoffeeShop\CoffeeShop.csproj", "{941FD994-2023-4048-A608-B5411D8E25DD}"
EndProject
Project("{9A19103F-16F7-4668-BE54-9A1E7A4F7556}") = "CoffeeShop", "AbstractFactory\CoffeeShop\CoffeeShop.csproj", "{F7C603C6-4B36-4839-92F7-1627640547B6}"
EndProject
Project("{9A19103F-16F7-4668-BE54-9A1E7A4F7556}") = "ContinentAnimals", "AbstractFactory\ContinentAnimals\ContinentAnimals.csproj", "{B4D7038B-10B3-4F91-9A8F-0AF4C98CD581}"
EndProject
Project("{9A19103F-16F7-4668-BE54-9A1E7A4F7556}") = "PizzaRestaurant", "Factory\PizzaRestaurant\PizzaRestaurant.csproj", "{4D39116F-4DF8-4286-9E9C-2BBCABDEF5DF}"
EndProject
Project("{9A19103F-16F7-4668-BE54-9A1E7A4F7556}") = "DocumentTypes", "FactoryMethod\DocumentTypes\DocumentTypes.csproj", "{08BCB209-798B-4567-9D62-8F187C2EB65D}"
EndProject
Global
	GlobalSection(SolutionConfigurationPlatforms) = preSolution
		Debug|Any CPU = Debug|Any CPU
		Release|Any CPU = Release|Any CPU
	EndGlobalSection
	GlobalSection(ProjectConfigurationPlatforms) = postSolution
		{F270D8F3-4F6C-42DA-9DE6-BC58C3A622C6}.Debug|Any CPU.ActiveCfg = Debug|Any CPU
		{F270D8F3-4F6C-42DA-9DE6-BC58C3A622C6}.Debug|Any CPU.Build.0 = Debug|Any CPU
		{F270D8F3-4F6C-42DA-9DE6-BC58C3A622C6}.Release|Any CPU.ActiveCfg = Release|Any CPU
		{F270D8F3-4F6C-42DA-9DE6-BC58C3A622C6}.Release|Any CPU.Build.0 = Release|Any CPU
		{6443D43D-120C-4887-8BAD-49F794B7E272}.Debug|Any CPU.ActiveCfg = Debug|Any CPU
		{6443D43D-120C-4887-8BAD-49F794B7E272}.Debug|Any CPU.Build.0 = Debug|Any CPU
		{6443D43D-120C-4887-8BAD-49F794B7E272}.Release|Any CPU.ActiveCfg = Release|Any CPU
		{6443D43D-120C-4887-8BAD-49F794B7E272}.Release|Any CPU.Build.0 = Release|Any CPU
		{2D03B4B0-5082-493B-94FD-63DAAB0AC7D8}.Debug|Any CPU.ActiveCfg = Debug|Any CPU
		{2D03B4B0-5082-493B-94FD-63DAAB0AC7D8}.Debug|Any CPU.Build.0 = Debug|Any CPU
		{2D03B4B0-5082-493B-94FD-63DAAB0AC7D8}.Release|Any CPU.ActiveCfg = Release|Any CPU
		{2D03B4B0-5082-493B-94FD-63DAAB0AC7D8}.Release|Any CPU.Build.0 = Release|Any CPU
		{54D3C323-3E94-4B4A-91FA-78295ECFF47D}.Debug|Any CPU.ActiveCfg = Debug|Any CPU
		{54D3C323-3E94-4B4A-91FA-78295ECFF47D}.Debug|Any CPU.Build.0 = Debug|Any CPU
		{54D3C323-3E94-4B4A-91FA-78295ECFF47D}.Release|Any CPU.ActiveCfg = Release|Any CPU
		{54D3C323-3E94-4B4A-91FA-78295ECFF47D}.Release|Any CPU.Build.0 = Release|Any CPU
		{A4FD8383-0C0E-44AE-A52E-A4C51B93CBF1}.Debug|Any CPU.ActiveCfg = Debug|Any CPU
		{A4FD8383-0C0E-44AE-A52E-A4C51B93CBF1}.Debug|Any CPU.Build.0 = Debug|Any CPU
		{A4FD8383-0C0E-44AE-A52E-A4C51B93CBF1}.Release|Any CPU.ActiveCfg = Release|Any CPU
		{A4FD8383-0C0E-44AE-A52E-A4C51B93CBF1}.Release|Any CPU.Build.0 = Release|Any CPU
		{0F6E94C4-C8BA-43B4-BCB6-01641C80C010}.Debug|Any CPU.ActiveCfg = Debug|Any CPU
		{0F6E94C4-C8BA-43B4-BCB6-01641C80C010}.Debug|Any CPU.Build.0 = Debug|Any CPU
		{0F6E94C4-C8BA-43B4-BCB6-01641C80C010}.Release|Any CPU.ActiveCfg = Release|Any CPU
		{0F6E94C4-C8BA-43B4-BCB6-01641C80C010}.Release|Any CPU.Build.0 = Release|Any CPU
		{A90CA81C-2E24-4296-9D0F-37369E9BE8E9}.Debug|Any CPU.ActiveCfg = Debug|Any CPU
		{A90CA81C-2E24-4296-9D0F-37369E9BE8E9}.Debug|Any CPU.Build.0 = Debug|Any CPU
		{A90CA81C-2E24-4296-9D0F-37369E9BE8E9}.Release|Any CPU.ActiveCfg = Release|Any CPU
		{A90CA81C-2E24-4296-9D0F-37369E9BE8E9}.Release|Any CPU.Build.0 = Release|Any CPU
		{941FD994-2023-4048-A608-B5411D8E25DD}.Debug|Any CPU.ActiveCfg = Debug|Any CPU
		{941FD994-2023-4048-A608-B5411D8E25DD}.Debug|Any CPU.Build.0 = Debug|Any CPU
		{941FD994-2023-4048-A608-B5411D8E25DD}.Release|Any CPU.ActiveCfg = Release|Any CPU
		{941FD994-2023-4048-A608-B5411D8E25DD}.Release|Any CPU.Build.0 = Release|Any CPU
		{F7C603C6-4B36-4839-92F7-1627640547B6}.Debug|Any CPU.ActiveCfg = Debug|Any CPU
		{F7C603C6-4B36-4839-92F7-1627640547B6}.Debug|Any CPU.Build.0 = Debug|Any CPU
		{F7C603C6-4B36-4839-92F7-1627640547B6}.Release|Any CPU.ActiveCfg = Release|Any CPU
		{F7C603C6-4B36-4839-92F7-1627640547B6}.Release|Any CPU.Build.0 = Release|Any CPU
		{B4D7038B-10B3-4F91-9A8F-0AF4C98CD581}.Debug|Any CPU.ActiveCfg = Debug|Any CPU
		{B4D7038B-10B3-4F91-9A8F-0AF4C98CD581}.Debug|Any CPU.Build.0 = Debug|Any CPU
		{B4D7038B-10B3-4F91-9A8F-0AF4C98CD581}.Release|Any CPU.ActiveCfg = Release|Any CPU
		{B4D7038B-10B3-4F91-9A8F-0AF4C98CD581}.Release|Any CPU.Build.0 = Release|Any CPU
		{4D39116F-4DF8-4286-9E9C-2BBCABDEF5DF}.Debug|Any CPU.ActiveCfg = Debug|Any CPU
		{4D39116F-4DF8-4286-9E9C-2BBCABDEF5DF}.Debug|Any CPU.Build.0 = Debug|Any CPU
		{4D39116F-4DF8-4286-9E9C-2BBCABDEF5DF}.Release|Any CPU.ActiveCfg = Release|Any CPU
		{4D39116F-4DF8-4286-9E9C-2BBCABDEF5DF}.Release|Any CPU.Build.0 = Release|Any CPU
		{08BCB209-798B-4567-9D62-8F187C2EB65D}.Debug|Any CPU.ActiveCfg = Debug|Any CPU
		{08BCB209-798B-4567-9D62-8F187C2EB65D}.Debug|Any CPU.Build.0 = Debug|Any CPU
		{08BCB209-798B-4567-9D62-8F187C2EB65D}.Release|Any CPU.ActiveCfg = Release|Any CPU
		{08BCB209-798B-4567-9D62-8F187C2EB65D}.Release|Any CPU.Build.0 = Release|Any CPU
	EndGlobalSection
	GlobalSection(SolutionProperties) = preSolution
		HideSolutionNode = FALSE
	EndGlobalSection
	GlobalSection(NestedProjects) = preSolution
		{F270D8F3-4F6C-42DA-9DE6-BC58C3A622C6} = {CED28EA4-3CC3-45B7-BDB1-25FB0084EDCD}
		{6443D43D-120C-4887-8BAD-49F794B7E272} = {E5EA0A2A-3640-4E98-AB02-6450639106CD}
		{2D03B4B0-5082-493B-94FD-63DAAB0AC7D8} = {E5EA0A2A-3640-4E98-AB02-6450639106CD}
		{A4FD8383-0C0E-44AE-A52E-A4C51B93CBF1} = {C69D744E-9E8A-4482-8891-FF1B88DAFF28}
		{0F6E94C4-C8BA-43B4-BCB6-01641C80C010} = {C69D744E-9E8A-4482-8891-FF1B88DAFF28}
		{A90CA81C-2E24-4296-9D0F-37369E9BE8E9} = {7A1FD591-7C3A-44DB-8B6D-E39FABC67363}
		{941FD994-2023-4048-A608-B5411D8E25DD} = {7A1FD591-7C3A-44DB-8B6D-E39FABC67363}
		{F7C603C6-4B36-4839-92F7-1627640547B6} = {4E062C7D-112C-43C9-B358-C7A353CECF55}
		{B4D7038B-10B3-4F91-9A8F-0AF4C98CD581} = {4E062C7D-112C-43C9-B358-C7A353CECF55}
		{4D39116F-4DF8-4286-9E9C-2BBCABDEF5DF} = {4862D6ED-765A-4E62-B6A3-8A357A073DE9}
		{08BCB209-798B-4567-9D62-8F187C2EB65D} = {FBF5A556-A0FF-4265-94F2-57B657F0251F}
	EndGlobalSection
	GlobalSection(ExtensibilityGlobals) = postSolution
		SolutionGuid = {5A5B1797-73DF-493D-A91B-136D215C50D8}
	EndGlobalSection
EndGlobal
